FORGE
  remote: https://forge.puppetlabs.com
  specs:
    puppet-archive (8.1.0)
      puppetlabs-stdlib (>= 4.18.0, < 10.0.0)
    puppet-hashi_stack (3.3.0)
      puppetlabs-apt (>= 6.1.0, < 11.0.0)
      puppetlabs-stdlib (>= 5.1.0, < 10.0.0)
    puppet-icinga (7.1.0)
      puppet-zypprepo (>= 4.0.0, < 6.0.0)
      puppetlabs-apt (>= 9.2.0, < 11.0.0)
      puppetlabs-stdlib (>= 6.6.0, < 10.0.0)
    puppet-icinga2 (6.2.0)
      puppet-icinga (>= 3.0.0, < 8.0.0)
      puppetlabs-concat (>= 6.4.0, < 10.0.0)
      puppetlabs-stdlib (>= 6.6.0, < 10.0.0)
    puppet-systemd (8.3.1)
      puppetlabs-inifile (>= 1.6.0, < 7.0.0)
      puppetlabs-stdlib (>= 9.0.0, < 10.0.0)
    puppet-vault (6.0.0)
      puppet-archive (>= 2.0.0, < 9.0.0)
      puppet-hashi_stack (>= 1.0.0, < 4.0.0)
      puppet-systemd (>= 3.1.0, < 9.0.0)
      puppetlabs-stdlib (>= 9.0.0, < 10.0.0)
      stm-file_capability (>= 1.0.1, < 7.0.0)
    puppet-zypprepo (5.0.0)
      puppetlabs-concat (>= 1.2.5, < 10.0.0)
      puppetlabs-stdlib (>= 4.18.0, < 10.0.0)
    puppetlabs-apt (10.0.1)
      puppetlabs-stdlib (>= 9.0.0, < 10.0.0)
    puppetlabs-concat (9.1.0)
      puppetlabs-stdlib (>= 9.0.0, < 10.0.0)
    puppetlabs-inifile (6.3.0)
      puppetlabs-stdlib (>= 4.13.0, < 10.0.0)
    puppetlabs-ntp (11.1.0)
      puppetlabs-stdlib (>= 4.13.1, < 10.0.0)
    puppetlabs-stdlib (9.7.0)
    stm-file_capability (6.0.0)

DEPENDENCIES
  puppet-icinga2 (= 6.2.0)
  puppet-systemd (= 8.3.1)
  puppet-vault (= 6.0.0)
  puppetlabs-apt (= 10.0.1)
  puppetlabs-ntp (= 11.1.0)
  puppetlabs-stdlib (= 9.7.0)

